# THIS IS AN AUTOGENERATED FILE. DO NOT EDIT THIS FILE DIRECTLY.
# yarn lockfile v1


"@types/node@*":
  "integrity" "sha1-IK4eyAxX7oRLRp+WihzVEdQIiyk="
  "resolved" "http://artifactory.intra.xiaojukeji.com/artifactory/api/npm/npm/@types/node/-/node-18.7.15.tgz?dl=https%3A%2F%2Fregistry.npmmirror.com%2F%40types%2Fnode%2F-%2Fnode-18.7.15.tgz"
  "version" "18.7.15"

"@types/yauzl@^2.9.1":
  "integrity" "sha1-sySClSds+MbxU+vmqaugyYjLJZk="
  "resolved" "http://artifactory.intra.xiaojukeji.com/artifactory/api/npm/npm/@types/yauzl/-/yauzl-2.10.0.tgz?dl=https%3A%2F%2Fregistry.npmmirror.com%2F%40types%2Fyauzl%2F-%2Fyauzl-2.10.0.tgz"
  "version" "2.10.0"
  dependencies:
    "@types/node" "*"

"agent-base@6":
  "integrity" "sha1-Sf/1hXfP7j83F2/qtMIuAPhtf3c="
  "resolved" "http://artifactory.intra.xiaojukeji.com/artifactory/api/npm/npm/agent-base/-/agent-base-6.0.2.tgz?dl=https%3A%2F%2Fregistry.npmmirror.com%2Fagent-base%2F-%2Fagent-base-6.0.2.tgz"
  "version" "6.0.2"
  dependencies:
    "debug" "4"

"ansi-escapes@^4.2.1":
  "integrity" "sha1-ayKR0dt9mLZSHV8e+kLQ86n+tl4="
  "resolved" "http://artifactory.intra.xiaojukeji.com/artifactory/api/npm/npm/ansi-escapes/-/ansi-escapes-4.3.2.tgz?dl=https%3A%2F%2Fregistry.npmmirror.com%2Fansi-escapes%2F-%2Fansi-escapes-4.3.2.tgz"
  "version" "4.3.2"
  dependencies:
    "type-fest" "^0.21.3"

"ansi-regex@^5.0.1":
  "integrity" "sha1-CCyyyJyf6GWaMRpTvWpNxTAdswQ="
  "resolved" "http://artifactory.intra.xiaojukeji.com/artifactory/api/npm/npm/ansi-regex/-/ansi-regex-5.0.1.tgz?dl=https%3A%2F%2Fregistry.npmmirror.com%2Fansi-regex%2F-%2Fansi-regex-5.0.1.tgz"
  "version" "5.0.1"

"ansi-styles@^4.0.0", "ansi-styles@^4.1.0":
  "integrity" "sha1-7dgDYornHATIWuegkG7a00tkiTc="
  "resolved" "http://artifactory.intra.xiaojukeji.com/artifactory/api/npm/npm/ansi-styles/-/ansi-styles-4.3.0.tgz?dl=https%3A%2F%2Fregistry.npmmirror.com%2Fansi-styles%2F-%2Fansi-styles-4.3.0.tgz"
  "version" "4.3.0"
  dependencies:
    "color-convert" "^2.0.1"

"balanced-match@^1.0.0":
  "integrity" "sha1-6D46fj8wCzTLnYf2FfoMvzV2kO4="
  "resolved" "http://artifactory.intra.xiaojukeji.com/artifactory/api/npm/npm/balanced-match/-/balanced-match-1.0.2.tgz?dl=https%3A%2F%2Fregistry.npmmirror.com%2Fbalanced-match%2F-%2Fbalanced-match-1.0.2.tgz"
  "version" "1.0.2"

"base64-js@^1.3.1":
  "integrity" "sha1-GxtEAWClv3rUC2UPCVljSBkDkwo="
  "resolved" "http://artifactory.intra.xiaojukeji.com/artifactory/api/npm/npm/base64-js/-/base64-js-1.5.1.tgz?dl=https%3A%2F%2Fregistry.npmmirror.com%2Fbase64-js%2F-%2Fbase64-js-1.5.1.tgz"
  "version" "1.5.1"

"bl@^4.0.3", "bl@^4.1.0":
  "integrity" "sha1-RRU1JkGCvsL7vIOmKrmM8R2fezo="
  "resolved" "http://artifactory.intra.xiaojukeji.com/artifactory/api/npm/npm/bl/-/bl-4.1.0.tgz?dl=https%3A%2F%2Fregistry.npmmirror.com%2Fbl%2F-%2Fbl-4.1.0.tgz"
  "version" "4.1.0"
  dependencies:
    "buffer" "^5.5.0"
    "inherits" "^2.0.4"
    "readable-stream" "^3.4.0"

"brace-expansion@^1.1.7":
  "integrity" "sha1-PH/L9SnYcibz0vUrlm/1Jx60Qd0="
  "resolved" "http://artifactory.intra.xiaojukeji.com/artifactory/api/npm/npm/brace-expansion/-/brace-expansion-1.1.11.tgz?dl=https%3A%2F%2Fregistry.npmmirror.com%2Fbrace-expansion%2F-%2Fbrace-expansion-1.1.11.tgz"
  "version" "1.1.11"
  dependencies:
    "balanced-match" "^1.0.0"
    "concat-map" "0.0.1"

"buffer-crc32@~0.2.3":
  "integrity" "sha1-DTM+PwDqxQqhRUq9MO+MKl2ackI="
  "resolved" "http://artifactory.intra.xiaojukeji.com/artifactory/api/npm/npm/buffer-crc32/-/buffer-crc32-0.2.13.tgz?dl=https%3A%2F%2Fregistry.npmmirror.com%2Fbuffer-crc32%2F-%2Fbuffer-crc32-0.2.13.tgz"
  "version" "0.2.13"

"buffer@^5.2.1", "buffer@^5.5.0":
  "integrity" "sha1-umLnwTEzBTWCGXFghRqPZI6Z7tA="
  "resolved" "http://artifactory.intra.xiaojukeji.com/artifactory/api/npm/npm/buffer/-/buffer-5.7.1.tgz?dl=https%3A%2F%2Fregistry.npmmirror.com%2Fbuffer%2F-%2Fbuffer-5.7.1.tgz"
  "version" "5.7.1"
  dependencies:
    "base64-js" "^1.3.1"
    "ieee754" "^1.1.13"

"chalk@^4.1.0", "chalk@^4.1.1":
  "integrity" "sha1-qsTit3NKdAhnrrFr8CqtVWoeegE="
  "resolved" "http://artifactory.intra.xiaojukeji.com/artifactory/api/npm/npm/chalk/-/chalk-4.1.2.tgz?dl=https%3A%2F%2Fregistry.npmmirror.com%2Fchalk%2F-%2Fchalk-4.1.2.tgz"
  "version" "4.1.2"
  dependencies:
    "ansi-styles" "^4.1.0"
    "supports-color" "^7.1.0"

"chardet@^0.7.0":
  "integrity" "sha1-kAlISfCTfy7twkJdDSip5fDLrZ4="
  "resolved" "http://artifactory.intra.xiaojukeji.com/artifactory/api/npm/npm/chardet/-/chardet-0.7.0.tgz?dl=https%3A%2F%2Fregistry.npmmirror.com%2Fchardet%2F-%2Fchardet-0.7.0.tgz"
  "version" "0.7.0"

"chownr@^1.1.1":
  "integrity" "sha1-b8nXtC0ypYNZYzdmbn0ICE2izGs="
  "resolved" "http://artifactory.intra.xiaojukeji.com/artifactory/api/npm/npm/chownr/-/chownr-1.1.4.tgz?dl=https%3A%2F%2Fregistry.npmmirror.com%2Fchownr%2F-%2Fchownr-1.1.4.tgz"
  "version" "1.1.4"

"cli-cursor@^3.1.0":
  "integrity" "sha1-JkMFp65JDR0Dvwybp8kl0XU68wc="
  "resolved" "http://artifactory.intra.xiaojukeji.com/artifactory/api/npm/npm/cli-cursor/-/cli-cursor-3.1.0.tgz?dl=https%3A%2F%2Fregistry.npmmirror.com%2Fcli-cursor%2F-%2Fcli-cursor-3.1.0.tgz"
  "version" "3.1.0"
  dependencies:
    "restore-cursor" "^3.1.0"

"cli-spinners@^2.5.0":
  "integrity" "sha1-+BX9MLX56qwC22BMeiMe18sveXo="
  "resolved" "http://artifactory.intra.xiaojukeji.com/artifactory/api/npm/npm/cli-spinners/-/cli-spinners-2.7.0.tgz?dl=https%3A%2F%2Fregistry.npmmirror.com%2Fcli-spinners%2F-%2Fcli-spinners-2.7.0.tgz"
  "version" "2.7.0"

"cli-width@^3.0.0":
  "integrity" "sha1-ovSEN6LKqaIkNueUvwceyeYc7fY="
  "resolved" "http://artifactory.intra.xiaojukeji.com/artifactory/api/npm/npm/cli-width/-/cli-width-3.0.0.tgz?dl=https%3A%2F%2Fregistry.npmmirror.com%2Fcli-width%2F-%2Fcli-width-3.0.0.tgz"
  "version" "3.0.0"

"clone@^1.0.2":
  "integrity" "sha1-2jCcwmPfFZlMaIypAheco8fNfH4="
  "resolved" "http://artifactory.intra.xiaojukeji.com/artifactory/api/npm/npm/clone/-/clone-1.0.4.tgz?dl=https%3A%2F%2Fregistry.npmmirror.com%2Fclone%2F-%2Fclone-1.0.4.tgz"
  "version" "1.0.4"

"color-convert@^2.0.1":
  "integrity" "sha1-ctOmjVmMm9s68q0ehPIdiWq9TeM="
  "resolved" "http://artifactory.intra.xiaojukeji.com/artifactory/api/npm/npm/color-convert/-/color-convert-2.0.1.tgz?dl=https%3A%2F%2Fregistry.npmmirror.com%2Fcolor-convert%2F-%2Fcolor-convert-2.0.1.tgz"
  "version" "2.0.1"
  dependencies:
    "color-name" "~1.1.4"

"color-name@~1.1.4":
  "integrity" "sha1-wqCah6y95pVD3m9j+jmVyCbFNqI="
  "resolved" "http://artifactory.intra.xiaojukeji.com/artifactory/api/npm/npm/color-name/-/color-name-1.1.4.tgz?dl=https%3A%2F%2Fregistry.npmmirror.com%2Fcolor-name%2F-%2Fcolor-name-1.1.4.tgz"
  "version" "1.1.4"

"concat-map@0.0.1":
  "integrity" "sha1-2Klr13/Wjfd5OnMDajug1UBdR3s="
  "resolved" "http://artifactory.intra.xiaojukeji.com/artifactory/api/npm/npm/concat-map/-/concat-map-0.0.1.tgz?dl=https%3A%2F%2Fregistry.npmmirror.com%2Fconcat-map%2F-%2Fconcat-map-0.0.1.tgz"
  "version" "0.0.1"

"cross-fetch@3.1.5":
  "integrity" "sha1-4TifRNnnunZ5B/evhFR4eVKrU08="
  "resolved" "http://artifactory.intra.xiaojukeji.com/artifactory/api/npm/npm/cross-fetch/-/cross-fetch-3.1.5.tgz?dl=https%3A%2F%2Fregistry.npmmirror.com%2Fcross-fetch%2F-%2Fcross-fetch-3.1.5.tgz"
  "version" "3.1.5"
  dependencies:
    "node-fetch" "2.6.7"

"debug@^4.1.1", "debug@4", "debug@4.3.4":
  "integrity" "sha1-Exn2V5NX8jONMzfSzdSRS7XcyGU="
  "resolved" "http://artifactory.intra.xiaojukeji.com/artifactory/api/npm/npm/debug/-/debug-4.3.4.tgz?dl=https%3A%2F%2Fregistry.npmmirror.com%2Fdebug%2F-%2Fdebug-4.3.4.tgz"
  "version" "4.3.4"
  dependencies:
    "ms" "2.1.2"

"defaults@^1.0.3":
  "integrity" "sha1-xlYFHpgX2f8I7YgUd/P+QBnz730="
  "resolved" "http://artifactory.intra.xiaojukeji.com/artifactory/api/npm/npm/defaults/-/defaults-1.0.3.tgz?dl=https%3A%2F%2Fregistry.npmmirror.com%2Fdefaults%2F-%2Fdefaults-1.0.3.tgz"
  "version" "1.0.3"
  dependencies:
    "clone" "^1.0.2"

"devtools-protocol@0.0.1036444":
  "integrity" "sha1-pXDTzd5hUnyC+bA5GYR7isexwrk="
  "resolved" "http://artifactory.intra.xiaojukeji.com/artifactory/api/npm/npm/devtools-protocol/-/devtools-protocol-0.0.1036444.tgz?dl=https%3A%2F%2Fregistry.npmmirror.com%2Fdevtools-protocol%2F-%2Fdevtools-protocol-0.0.1036444.tgz"
  "version" "0.0.1036444"

"emoji-regex@^8.0.0":
  "integrity" "sha1-6Bj9ac5cz8tARZT4QpY79TFkzDc="
  "resolved" "http://artifactory.intra.xiaojukeji.com/artifactory/api/npm/npm/emoji-regex/-/emoji-regex-8.0.0.tgz?dl=https%3A%2F%2Fregistry.npmmirror.com%2Femoji-regex%2F-%2Femoji-regex-8.0.0.tgz"
  "version" "8.0.0"

"end-of-stream@^1.1.0", "end-of-stream@^1.4.1":
  "integrity" "sha1-WuZKX0UFe682JuwU2gyl5LJDHrA="
  "resolved" "http://artifactory.intra.xiaojukeji.com/artifactory/api/npm/npm/end-of-stream/-/end-of-stream-1.4.4.tgz?dl=https%3A%2F%2Fregistry.npmmirror.com%2Fend-of-stream%2F-%2Fend-of-stream-1.4.4.tgz"
  "version" "1.4.4"
  dependencies:
    "once" "^1.4.0"

"escape-string-regexp@^1.0.5":
  "integrity" "sha1-G2HAViGQqN/2rjuyzwIAyhMLhtQ="
  "resolved" "http://artifactory.intra.xiaojukeji.com/artifactory/api/npm/npm/escape-string-regexp/-/escape-string-regexp-1.0.5.tgz?dl=https%3A%2F%2Fregistry.npmmirror.com%2Fescape-string-regexp%2F-%2Fescape-string-regexp-1.0.5.tgz"
  "version" "1.0.5"

"external-editor@^3.0.3":
  "integrity" "sha1-ywP3QL764D6k0oPK7SdBqD8zVJU="
  "resolved" "http://artifactory.intra.xiaojukeji.com/artifactory/api/npm/npm/external-editor/-/external-editor-3.1.0.tgz?dl=https%3A%2F%2Fregistry.npmmirror.com%2Fexternal-editor%2F-%2Fexternal-editor-3.1.0.tgz"
  "version" "3.1.0"
  dependencies:
    "chardet" "^0.7.0"
    "iconv-lite" "^0.4.24"
    "tmp" "^0.0.33"

"extract-zip@2.0.1":
  "integrity" "sha1-Zj3KVv5G34kNXxMe9KBtIruLoTo="
  "resolved" "http://artifactory.intra.xiaojukeji.com/artifactory/api/npm/npm/extract-zip/-/extract-zip-2.0.1.tgz?dl=https%3A%2F%2Fregistry.npmmirror.com%2Fextract-zip%2F-%2Fextract-zip-2.0.1.tgz"
  "version" "2.0.1"
  dependencies:
    "debug" "^4.1.1"
    "get-stream" "^5.1.0"
    "yauzl" "^2.10.0"
  optionalDependencies:
    "@types/yauzl" "^2.9.1"

"fd-slicer@~1.1.0":
  "integrity" "sha1-JcfInLH5B3+IkbvmHY85Dq4lbx4="
  "resolved" "http://artifactory.intra.xiaojukeji.com/artifactory/api/npm/npm/fd-slicer/-/fd-slicer-1.1.0.tgz?dl=https%3A%2F%2Fregistry.npmmirror.com%2Ffd-slicer%2F-%2Ffd-slicer-1.1.0.tgz"
  "version" "1.1.0"
  dependencies:
    "pend" "~1.2.0"

"figures@^3.0.0":
  "integrity" "sha1-YlwYvSk8YE3EqN2y/r8MiDQXRq8="
  "resolved" "http://artifactory.intra.xiaojukeji.com/artifactory/api/npm/npm/figures/-/figures-3.2.0.tgz?dl=https%3A%2F%2Fregistry.npmmirror.com%2Ffigures%2F-%2Ffigures-3.2.0.tgz"
  "version" "3.2.0"
  dependencies:
    "escape-string-regexp" "^1.0.5"

"fs-constants@^1.0.0":
  "integrity" "sha1-a+Dem+mYzhavivwkSXue6bfM2a0="
  "resolved" "http://artifactory.intra.xiaojukeji.com/artifactory/api/npm/npm/fs-constants/-/fs-constants-1.0.0.tgz?dl=https%3A%2F%2Fregistry.npmmirror.com%2Ffs-constants%2F-%2Ffs-constants-1.0.0.tgz"
  "version" "1.0.0"

"fs.realpath@^1.0.0":
  "integrity" "sha1-FQStJSMVjKpA20onh8sBQRmU6k8="
  "resolved" "http://artifactory.intra.xiaojukeji.com/artifactory/api/npm/npm/fs.realpath/-/fs.realpath-1.0.0.tgz?dl=https%3A%2F%2Fregistry.npmmirror.com%2Ffs.realpath%2F-%2Ffs.realpath-1.0.0.tgz"
  "version" "1.0.0"

"get-stream@^5.1.0":
  "integrity" "sha1-SWaheV7lrOZecGxLe+txJX1uItM="
  "resolved" "http://artifactory.intra.xiaojukeji.com/artifactory/api/npm/npm/get-stream/-/get-stream-5.2.0.tgz?dl=https%3A%2F%2Fregistry.npmmirror.com%2Fget-stream%2F-%2Fget-stream-5.2.0.tgz"
  "version" "5.2.0"
  dependencies:
    "pump" "^3.0.0"

"glob@^7.1.3":
  "integrity" "sha1-uN8PuAK7+o6JvR2Ti04WV47UTys="
  "resolved" "http://artifactory.intra.xiaojukeji.com/artifactory/api/npm/npm/glob/-/glob-7.2.3.tgz?dl=https%3A%2F%2Fregistry.npmmirror.com%2Fglob%2F-%2Fglob-7.2.3.tgz"
  "version" "7.2.3"
  dependencies:
    "fs.realpath" "^1.0.0"
    "inflight" "^1.0.4"
    "inherits" "2"
    "minimatch" "^3.1.1"
    "once" "^1.3.0"
    "path-is-absolute" "^1.0.0"

"has-flag@^4.0.0":
  "integrity" "sha1-lEdx/ZyByBJlxNaUGGDaBrtZR5s="
  "resolved" "http://artifactory.intra.xiaojukeji.com/artifactory/api/npm/npm/has-flag/-/has-flag-4.0.0.tgz?dl=https%3A%2F%2Fregistry.npmmirror.com%2Fhas-flag%2F-%2Fhas-flag-4.0.0.tgz"
  "version" "4.0.0"

"https-proxy-agent@5.0.1":
  "integrity" "sha1-xZ7yJKBP6LdU89sAY6Jeow0ABdY="
  "resolved" "http://artifactory.intra.xiaojukeji.com/artifactory/api/npm/npm/https-proxy-agent/-/https-proxy-agent-5.0.1.tgz?dl=https%3A%2F%2Fregistry.npmmirror.com%2Fhttps-proxy-agent%2F-%2Fhttps-proxy-agent-5.0.1.tgz"
  "version" "5.0.1"
  dependencies:
    "agent-base" "6"
    "debug" "4"

"iconv-lite@^0.4.24":
  "integrity" "sha1-ICK0sl+93CHS9SSXSkdKr+czkIs="
  "resolved" "http://artifactory.intra.xiaojukeji.com/artifactory/api/npm/npm/iconv-lite/-/iconv-lite-0.4.24.tgz?dl=https%3A%2F%2Fregistry.npmmirror.com%2Ficonv-lite%2F-%2Ficonv-lite-0.4.24.tgz"
  "version" "0.4.24"
  dependencies:
    "safer-buffer" ">= 2.1.2 < 3"

"ieee754@^1.1.13":
  "integrity" "sha1-jrehCmP/8l0VpXsAFYbRd9Gw01I="
  "resolved" "http://artifactory.intra.xiaojukeji.com/artifactory/api/npm/npm/ieee754/-/ieee754-1.2.1.tgz?dl=https%3A%2F%2Fregistry.npmmirror.com%2Fieee754%2F-%2Fieee754-1.2.1.tgz"
  "version" "1.2.1"

"inflight@^1.0.4":
  "integrity" "sha1-Sb1jMdfQLQwJvJEKEHW6gWW1bfk="
  "resolved" "http://artifactory.intra.xiaojukeji.com/artifactory/api/npm/npm/inflight/-/inflight-1.0.6.tgz?dl=https%3A%2F%2Fregistry.npmmirror.com%2Finflight%2F-%2Finflight-1.0.6.tgz"
  "version" "1.0.6"
  dependencies:
    "once" "^1.3.0"
    "wrappy" "1"

"inherits@^2.0.3", "inherits@^2.0.4", "inherits@2":
  "integrity" "sha1-D6LGT5MpF8NDOg3tVTY6rjdBa3w="
  "resolved" "http://artifactory.intra.xiaojukeji.com/artifactory/api/npm/npm/inherits/-/inherits-2.0.4.tgz?dl=https%3A%2F%2Fregistry.npmmirror.com%2Finherits%2F-%2Finherits-2.0.4.tgz"
  "version" "2.0.4"

"inquirer@^8.2.4":
  "integrity" "sha1-3b/obKL2dkmmfapvEFHBKPaE8LQ="
  "resolved" "http://artifactory.intra.xiaojukeji.com/artifactory/api/npm/npm/inquirer/-/inquirer-8.2.4.tgz?dl=https%3A%2F%2Fregistry.npmmirror.com%2Finquirer%2F-%2Finquirer-8.2.4.tgz"
  "version" "8.2.4"
  dependencies:
    "ansi-escapes" "^4.2.1"
    "chalk" "^4.1.1"
    "cli-cursor" "^3.1.0"
    "cli-width" "^3.0.0"
    "external-editor" "^3.0.3"
    "figures" "^3.0.0"
    "lodash" "^4.17.21"
    "mute-stream" "0.0.8"
    "ora" "^5.4.1"
    "run-async" "^2.4.0"
    "rxjs" "^7.5.5"
    "string-width" "^4.1.0"
    "strip-ansi" "^6.0.0"
    "through" "^2.3.6"
    "wrap-ansi" "^7.0.0"

"is-fullwidth-code-point@^3.0.0":
  "integrity" "sha1-8Rb4Bk/pCz94RKOJl8C3UFEmnx0="
  "resolved" "http://artifactory.intra.xiaojukeji.com/artifactory/api/npm/npm/is-fullwidth-code-point/-/is-fullwidth-code-point-3.0.0.tgz?dl=https%3A%2F%2Fregistry.npmmirror.com%2Fis-fullwidth-code-point%2F-%2Fis-fullwidth-code-point-3.0.0.tgz"
  "version" "3.0.0"

"is-interactive@^1.0.0":
  "integrity" "sha1-zqbmrlyHCnsKAAQHC3tYfgJSkS4="
  "resolved" "http://artifactory.intra.xiaojukeji.com/artifactory/api/npm/npm/is-interactive/-/is-interactive-1.0.0.tgz?dl=https%3A%2F%2Fregistry.npmmirror.com%2Fis-interactive%2F-%2Fis-interactive-1.0.0.tgz"
  "version" "1.0.0"

"is-unicode-supported@^0.1.0":
  "integrity" "sha1-PybHaoCVk7Ur+i7LVxDtJ3m1Iqc="
  "resolved" "http://artifactory.intra.xiaojukeji.com/artifactory/api/npm/npm/is-unicode-supported/-/is-unicode-supported-0.1.0.tgz?dl=https%3A%2F%2Fregistry.npmmirror.com%2Fis-unicode-supported%2F-%2Fis-unicode-supported-0.1.0.tgz"
  "version" "0.1.0"

"lodash@^4.17.21":
  "integrity" "sha1-Z5WRxWTDv/quhFTPCz3zcMPWkRw="
  "resolved" "http://artifactory.intra.xiaojukeji.com/artifactory/api/npm/npm/lodash/-/lodash-4.17.21.tgz?dl=https%3A%2F%2Fregistry.npmmirror.com%2Flodash%2F-%2Flodash-4.17.21.tgz"
  "version" "4.17.21"

"log-symbols@^4.1.0":
  "integrity" "sha1-P727lbRoOsn8eFER55LlWNSr1QM="
  "resolved" "http://artifactory.intra.xiaojukeji.com/artifactory/api/npm/npm/log-symbols/-/log-symbols-4.1.0.tgz?dl=https%3A%2F%2Fregistry.npmmirror.com%2Flog-symbols%2F-%2Flog-symbols-4.1.0.tgz"
  "version" "4.1.0"
  dependencies:
    "chalk" "^4.1.0"
    "is-unicode-supported" "^0.1.0"

"mimic-fn@^2.1.0":
  "integrity" "sha1-ftLCzMyvhNP/y3pptXcR/CCDQBs="
  "resolved" "http://artifactory.intra.xiaojukeji.com/artifactory/api/npm/npm/mimic-fn/-/mimic-fn-2.1.0.tgz?dl=https%3A%2F%2Fregistry.npmmirror.com%2Fmimic-fn%2F-%2Fmimic-fn-2.1.0.tgz"
  "version" "2.1.0"

"minimatch@^3.1.1":
  "integrity" "sha1-Gc0ZS/0+Qo8EmnCBfAONiatL41s="
  "resolved" "http://artifactory.intra.xiaojukeji.com/artifactory/api/npm/npm/minimatch/-/minimatch-3.1.2.tgz?dl=https%3A%2F%2Fregistry.npmmirror.com%2Fminimatch%2F-%2Fminimatch-3.1.2.tgz"
  "version" "3.1.2"
  dependencies:
    "brace-expansion" "^1.1.7"

"mkdirp-classic@^0.5.2":
  "integrity" "sha1-+hDJEVzG2IZb4iG6R+6b7XhgERM="
  "resolved" "http://artifactory.intra.xiaojukeji.com/artifactory/api/npm/npm/mkdirp-classic/-/mkdirp-classic-0.5.3.tgz?dl=https%3A%2F%2Fregistry.npmmirror.com%2Fmkdirp-classic%2F-%2Fmkdirp-classic-0.5.3.tgz"
  "version" "0.5.3"

"ms@2.1.2":
  "integrity" "sha1-0J0fNXtEP0kzgqjrPM0YOHKuYAk="
  "resolved" "http://artifactory.intra.xiaojukeji.com/artifactory/api/npm/npm/ms/-/ms-2.1.2.tgz?dl=https%3A%2F%2Fregistry.npmmirror.com%2Fms%2F-%2Fms-2.1.2.tgz"
  "version" "2.1.2"

"mute-stream@0.0.8":
  "integrity" "sha1-FjDEKyJR/4HiooPelqVJfqkuXg0="
  "resolved" "http://artifactory.intra.xiaojukeji.com/artifactory/api/npm/npm/mute-stream/-/mute-stream-0.0.8.tgz?dl=https%3A%2F%2Fregistry.npmmirror.com%2Fmute-stream%2F-%2Fmute-stream-0.0.8.tgz"
  "version" "0.0.8"

"node-fetch@2.6.7":
  "integrity" "sha1-JN6fuoJ+O0rkTciyAlajeRYAUq0="
  "resolved" "http://artifactory.intra.xiaojukeji.com/artifactory/api/npm/npm/node-fetch/-/node-fetch-2.6.7.tgz?dl=https%3A%2F%2Fregistry.npmmirror.com%2Fnode-fetch%2F-%2Fnode-fetch-2.6.7.tgz"
  "version" "2.6.7"
  dependencies:
    "whatwg-url" "^5.0.0"

"once@^1.3.0", "once@^1.3.1", "once@^1.4.0":
  "integrity" "sha1-WDsap3WWHUsROsF9nFC6753Xa9E="
  "resolved" "http://artifactory.intra.xiaojukeji.com/artifactory/api/npm/npm/once/-/once-1.4.0.tgz?dl=https%3A%2F%2Fregistry.npmmirror.com%2Fonce%2F-%2Fonce-1.4.0.tgz"
  "version" "1.4.0"
  dependencies:
    "wrappy" "1"

"onetime@^5.1.0":
  "integrity" "sha1-0Oluu1awdHbfHdnEgG5SN5hcpF4="
  "resolved" "http://artifactory.intra.xiaojukeji.com/artifactory/api/npm/npm/onetime/-/onetime-5.1.2.tgz?dl=https%3A%2F%2Fregistry.npmmirror.com%2Fonetime%2F-%2Fonetime-5.1.2.tgz"
  "version" "5.1.2"
  dependencies:
    "mimic-fn" "^2.1.0"

"ora@^5.4.1":
  "integrity" "sha1-GyZ4Qmr0rEpQkAjl5KyemVnbnhg="
  "resolved" "http://artifactory.intra.xiaojukeji.com/artifactory/api/npm/npm/ora/-/ora-5.4.1.tgz?dl=https%3A%2F%2Fregistry.npmmirror.com%2Fora%2F-%2Fora-5.4.1.tgz"
  "version" "5.4.1"
  dependencies:
    "bl" "^4.1.0"
    "chalk" "^4.1.0"
    "cli-cursor" "^3.1.0"
    "cli-spinners" "^2.5.0"
    "is-interactive" "^1.0.0"
    "is-unicode-supported" "^0.1.0"
    "log-symbols" "^4.1.0"
    "strip-ansi" "^6.0.0"
    "wcwidth" "^1.0.1"

"os-tmpdir@~1.0.2":
  "integrity" "sha1-u+Z0BseaqFxc/sdm/lc0VV36EnQ="
  "resolved" "http://artifactory.intra.xiaojukeji.com/artifactory/api/npm/npm/os-tmpdir/-/os-tmpdir-1.0.2.tgz?dl=https%3A%2F%2Fregistry.npmmirror.com%2Fos-tmpdir%2F-%2Fos-tmpdir-1.0.2.tgz"
  "version" "1.0.2"

"path-is-absolute@^1.0.0":
  "integrity" "sha1-F0uSaHNVNP+8es5r9TpanhtcX18="
  "resolved" "http://artifactory.intra.xiaojukeji.com/artifactory/api/npm/npm/path-is-absolute/-/path-is-absolute-1.0.1.tgz?dl=https%3A%2F%2Fregistry.npmmirror.com%2Fpath-is-absolute%2F-%2Fpath-is-absolute-1.0.1.tgz"
  "version" "1.0.1"

"pend@~1.2.0":
  "integrity" "sha1-elfrVQpng/kRUzH89GY9XI4AelA="
  "resolved" "http://artifactory.intra.xiaojukeji.com/artifactory/api/npm/npm/pend/-/pend-1.2.0.tgz?dl=https%3A%2F%2Fregistry.npmmirror.com%2Fpend%2F-%2Fpend-1.2.0.tgz"
  "version" "1.2.0"

"progress@2.0.3":
  "integrity" "sha1-foz42PW48jnBvGi+tOt4Vn1XLvg="
  "resolved" "http://artifactory.intra.xiaojukeji.com/artifactory/api/npm/npm/progress/-/progress-2.0.3.tgz?dl=https%3A%2F%2Fregistry.npmmirror.com%2Fprogress%2F-%2Fprogress-2.0.3.tgz"
  "version" "2.0.3"

"proxy-from-env@1.1.0":
  "integrity" "sha1-4QLxbKNVQkhldV0sno6k8k1Yw+I="
  "resolved" "http://artifactory.intra.xiaojukeji.com/artifactory/api/npm/npm/proxy-from-env/-/proxy-from-env-1.1.0.tgz?dl=https%3A%2F%2Fregistry.npmmirror.com%2Fproxy-from-env%2F-%2Fproxy-from-env-1.1.0.tgz"
  "version" "1.1.0"

"pump@^3.0.0":
  "integrity" "sha1-tKIRaBW94vTh6mAjVOjHVWUQemQ="
  "resolved" "http://artifactory.intra.xiaojukeji.com/artifactory/api/npm/npm/pump/-/pump-3.0.0.tgz?dl=https%3A%2F%2Fregistry.npmmirror.com%2Fpump%2F-%2Fpump-3.0.0.tgz"
  "version" "3.0.0"
  dependencies:
    "end-of-stream" "^1.1.0"
    "once" "^1.3.1"

"puppeteer@^17.1.0":
  "integrity" "sha1-J9/GKQkqWsG29sMOwgDEFHryhHw="
  "resolved" "http://artifactory.intra.xiaojukeji.com/artifactory/api/npm/npm/puppeteer/-/puppeteer-17.1.0.tgz?dl=https%3A%2F%2Fregistry.npmmirror.com%2Fpuppeteer%2F-%2Fpuppeteer-17.1.0.tgz"
  "version" "17.1.0"
  dependencies:
    "cross-fetch" "3.1.5"
    "debug" "4.3.4"
    "devtools-protocol" "0.0.1036444"
    "extract-zip" "2.0.1"
    "https-proxy-agent" "5.0.1"
    "progress" "2.0.3"
    "proxy-from-env" "1.1.0"
    "rimraf" "3.0.2"
    "tar-fs" "2.1.1"
    "unbzip2-stream" "1.4.3"
    "ws" "8.8.1"

"readable-stream@^3.1.1", "readable-stream@^3.4.0":
  "integrity" "sha1-M3u9o63AcGvT4CRCaihtS0sskZg="
  "resolved" "http://artifactory.intra.xiaojukeji.com/artifactory/api/npm/npm/readable-stream/-/readable-stream-3.6.0.tgz?dl=https%3A%2F%2Fregistry.npmmirror.com%2Freadable-stream%2F-%2Freadable-stream-3.6.0.tgz"
  "version" "3.6.0"
  dependencies:
    "inherits" "^2.0.3"
    "string_decoder" "^1.1.1"
    "util-deprecate" "^1.0.1"

"restore-cursor@^3.1.0":
  "integrity" "sha1-OfZ8VLOnpYzqUjbZXPADQjljH34="
  "resolved" "http://artifactory.intra.xiaojukeji.com/artifactory/api/npm/npm/restore-cursor/-/restore-cursor-3.1.0.tgz?dl=https%3A%2F%2Fregistry.npmmirror.com%2Frestore-cursor%2F-%2Frestore-cursor-3.1.0.tgz"
  "version" "3.1.0"
  dependencies:
    "onetime" "^5.1.0"
    "signal-exit" "^3.0.2"

"rimraf@3.0.2":
  "integrity" "sha1-8aVAK6YiCtUswSgrrBrjqkn9Bho="
  "resolved" "http://artifactory.intra.xiaojukeji.com/artifactory/api/npm/npm/rimraf/-/rimraf-3.0.2.tgz?dl=https%3A%2F%2Fregistry.npmmirror.com%2Frimraf%2F-%2Frimraf-3.0.2.tgz"
  "version" "3.0.2"
  dependencies:
    "glob" "^7.1.3"

"run-async@^2.4.0":
  "integrity" "sha1-hEDsz5nqPnC9QJ1JqriOEMGJpFU="
  "resolved" "http://artifactory.intra.xiaojukeji.com/artifactory/api/npm/npm/run-async/-/run-async-2.4.1.tgz?dl=https%3A%2F%2Fregistry.npmmirror.com%2Frun-async%2F-%2Frun-async-2.4.1.tgz"
  "version" "2.4.1"

"rxjs@^7.5.5":
  "integrity" "sha1-BEZXdVeGKv1pA1F858rnnsuWYrw="
  "resolved" "http://artifactory.intra.xiaojukeji.com/artifactory/api/npm/npm/rxjs/-/rxjs-7.5.6.tgz?dl=https%3A%2F%2Fregistry.npmmirror.com%2Frxjs%2F-%2Frxjs-7.5.6.tgz"
  "version" "7.5.6"
  dependencies:
    "tslib" "^2.1.0"

"safe-buffer@~5.2.0":
  "integrity" "sha1-Hq+fqb2x/dTsdfWPnNtOa3gn7sY="
  "resolved" "http://artifactory.intra.xiaojukeji.com/artifactory/api/npm/npm/safe-buffer/-/safe-buffer-5.2.1.tgz?dl=https%3A%2F%2Fregistry.npmmirror.com%2Fsafe-buffer%2F-%2Fsafe-buffer-5.2.1.tgz"
  "version" "5.2.1"

"safer-buffer@>= 2.1.2 < 3":
  "integrity" "sha1-RPoWGwGHuVSd2Eu5GAL5vYOFzWo="
  "resolved" "http://artifactory.intra.xiaojukeji.com/artifactory/api/npm/npm/safer-buffer/-/safer-buffer-2.1.2.tgz?dl=https%3A%2F%2Fregistry.npmmirror.com%2Fsafer-buffer%2F-%2Fsafer-buffer-2.1.2.tgz"
  "version" "2.1.2"

"signal-exit@^3.0.2":
  "integrity" "sha1-qaF2f4r4QVURTqq9c/mSc8j1mtk="
  "resolved" "http://artifactory.intra.xiaojukeji.com/artifactory/api/npm/npm/signal-exit/-/signal-exit-3.0.7.tgz?dl=https%3A%2F%2Fregistry.npmmirror.com%2Fsignal-exit%2F-%2Fsignal-exit-3.0.7.tgz"
  "version" "3.0.7"

"string_decoder@^1.1.1":
  "integrity" "sha1-QvEUWUpGzxqOMLCoT1bHjD7awh4="
  "resolved" "http://artifactory.intra.xiaojukeji.com/artifactory/api/npm/npm/string_decoder/-/string_decoder-1.3.0.tgz?dl=https%3A%2F%2Fregistry.npmmirror.com%2Fstring_decoder%2F-%2Fstring_decoder-1.3.0.tgz"
  "version" "1.3.0"
  dependencies:
    "safe-buffer" "~5.2.0"

"string-width@^4.1.0":
  "integrity" "sha1-JpxxF9J7Ba0uU2gwqOyJXvnG0BA="
  "resolved" "http://artifactory.intra.xiaojukeji.com/artifactory/api/npm/npm/string-width/-/string-width-4.2.3.tgz?dl=https%3A%2F%2Fregistry.npmmirror.com%2Fstring-width%2F-%2Fstring-width-4.2.3.tgz"
  "version" "4.2.3"
  dependencies:
    "emoji-regex" "^8.0.0"
    "is-fullwidth-code-point" "^3.0.0"
    "strip-ansi" "^6.0.1"

"strip-ansi@^6.0.0", "strip-ansi@^6.0.1":
  "integrity" "sha1-nibGPTD1NEPpSJSVshBdN7Z6hdk="
  "resolved" "http://artifactory.intra.xiaojukeji.com/artifactory/api/npm/npm/strip-ansi/-/strip-ansi-6.0.1.tgz?dl=https%3A%2F%2Fregistry.npmmirror.com%2Fstrip-ansi%2F-%2Fstrip-ansi-6.0.1.tgz"
  "version" "6.0.1"
  dependencies:
    "ansi-regex" "^5.0.1"

"supports-color@^7.1.0":
  "integrity" "sha1-G33NyzK4E4gBs+R4umpRyqiWSNo="
  "resolved" "http://artifactory.intra.xiaojukeji.com/artifactory/api/npm/npm/supports-color/-/supports-color-7.2.0.tgz?dl=https%3A%2F%2Fregistry.npmmirror.com%2Fsupports-color%2F-%2Fsupports-color-7.2.0.tgz"
  "version" "7.2.0"
  dependencies:
    "has-flag" "^4.0.0"

"tar-fs@2.1.1":
  "integrity" "sha1-SJoVq4Xx8L76uzcLfeT561y+h4Q="
  "resolved" "http://artifactory.intra.xiaojukeji.com/artifactory/api/npm/npm/tar-fs/-/tar-fs-2.1.1.tgz?dl=https%3A%2F%2Fregistry.npmmirror.com%2Ftar-fs%2F-%2Ftar-fs-2.1.1.tgz"
  "version" "2.1.1"
  dependencies:
    "chownr" "^1.1.1"
    "mkdirp-classic" "^0.5.2"
    "pump" "^3.0.0"
    "tar-stream" "^2.1.4"

"tar-stream@^2.1.4":
  "integrity" "sha1-rK2EwoQTawYNw/qmRHSqmuvXcoc="
  "resolved" "http://artifactory.intra.xiaojukeji.com/artifactory/api/npm/npm/tar-stream/-/tar-stream-2.2.0.tgz?dl=https%3A%2F%2Fregistry.npmmirror.com%2Ftar-stream%2F-%2Ftar-stream-2.2.0.tgz"
  "version" "2.2.0"
  dependencies:
    "bl" "^4.0.3"
    "end-of-stream" "^1.4.1"
    "fs-constants" "^1.0.0"
    "inherits" "^2.0.3"
    "readable-stream" "^3.1.1"

"through@^2.3.6", "through@^2.3.8":
  "integrity" "sha1-DdTJ/6q8NXlgsbckEV1+Doai4fU="
  "resolved" "http://artifactory.intra.xiaojukeji.com/artifactory/api/npm/npm/through/-/through-2.3.8.tgz?dl=https%3A%2F%2Fregistry.npmmirror.com%2Fthrough%2F-%2Fthrough-2.3.8.tgz"
  "version" "2.3.8"

"tmp@^0.0.33":
  "integrity" "sha1-bTQzWIl2jSGyvNoKonfO07G/rfk="
  "resolved" "http://artifactory.intra.xiaojukeji.com/artifactory/api/npm/npm/tmp/-/tmp-0.0.33.tgz?dl=https%3A%2F%2Fregistry.npmmirror.com%2Ftmp%2F-%2Ftmp-0.0.33.tgz"
  "version" "0.0.33"
  dependencies:
    "os-tmpdir" "~1.0.2"

"tr46@~0.0.3":
  "integrity" "sha1-gYT9NH2snNwYWZLzpmIuFLnZq2o="
  "resolved" "http://artifactory.intra.xiaojukeji.com/artifactory/api/npm/npm/tr46/-/tr46-0.0.3.tgz?dl=https%3A%2F%2Fregistry.npmmirror.com%2Ftr46%2F-%2Ftr46-0.0.3.tgz"
  "version" "0.0.3"

"tslib@^2.1.0":
  "integrity" "sha1-fOyqfwc85oCgWEeqd76UEJjzbcM="
  "resolved" "http://artifactory.intra.xiaojukeji.com/artifactory/api/npm/npm/tslib/-/tslib-2.4.0.tgz?dl=https%3A%2F%2Fregistry.npmmirror.com%2Ftslib%2F-%2Ftslib-2.4.0.tgz"
  "version" "2.4.0"

"type-fest@^0.21.3":
  "integrity" "sha1-0mCiSwGYQ24TP6JqUkptZfo7Ljc="
  "resolved" "http://artifactory.intra.xiaojukeji.com/artifactory/api/npm/npm/type-fest/-/type-fest-0.21.3.tgz?dl=https%3A%2F%2Fregistry.npmmirror.com%2Ftype-fest%2F-%2Ftype-fest-0.21.3.tgz"
  "version" "0.21.3"

"unbzip2-stream@1.4.3":
  "integrity" "sha1-sNoExDcTEd93HNwhXofyEwmRrOc="
  "resolved" "http://artifactory.intra.xiaojukeji.com/artifactory/api/npm/npm/unbzip2-stream/-/unbzip2-stream-1.4.3.tgz?dl=https%3A%2F%2Fregistry.npmmirror.com%2Funbzip2-stream%2F-%2Funbzip2-stream-1.4.3.tgz"
  "version" "1.4.3"
  dependencies:
    "buffer" "^5.2.1"
    "through" "^2.3.8"

"util-deprecate@^1.0.1":
  "integrity" "sha1-RQ1Nyfpw3nMnYvvS1KKJgUGaDM8="
  "resolved" "http://artifactory.intra.xiaojukeji.com/artifactory/api/npm/npm/util-deprecate/-/util-deprecate-1.0.2.tgz?dl=https%3A%2F%2Fregistry.npmmirror.com%2Futil-deprecate%2F-%2Futil-deprecate-1.0.2.tgz"
  "version" "1.0.2"

"wcwidth@^1.0.1":
  "integrity" "sha1-8LDc+RW8X/FSivrbLA4XtTLaL+g="
  "resolved" "http://artifactory.intra.xiaojukeji.com/artifactory/api/npm/npm/wcwidth/-/wcwidth-1.0.1.tgz?dl=https%3A%2F%2Fregistry.npmmirror.com%2Fwcwidth%2F-%2Fwcwidth-1.0.1.tgz"
  "version" "1.0.1"
  dependencies:
    "defaults" "^1.0.3"

"webidl-conversions@^3.0.0":
  "integrity" "sha1-JFNCdeKnvGvnvIZhHMFq4KVlSHE="
  "resolved" "http://artifactory.intra.xiaojukeji.com/artifactory/api/npm/npm/webidl-conversions/-/webidl-conversions-3.0.1.tgz?dl=https%3A%2F%2Fregistry.npmmirror.com%2Fwebidl-conversions%2F-%2Fwebidl-conversions-3.0.1.tgz"
  "version" "3.0.1"

"whatwg-url@^5.0.0":
  "integrity" "sha1-lmRU6HZUYuN2RNNib2dCzotwll0="
  "resolved" "http://artifactory.intra.xiaojukeji.com/artifactory/api/npm/npm/whatwg-url/-/whatwg-url-5.0.0.tgz?dl=https%3A%2F%2Fregistry.npmmirror.com%2Fwhatwg-url%2F-%2Fwhatwg-url-5.0.0.tgz"
  "version" "5.0.0"
  dependencies:
    "tr46" "~0.0.3"
    "webidl-conversions" "^3.0.0"

"wrap-ansi@^7.0.0":
  "integrity" "sha1-Z+FFz/UQpqaYS98RUpEdadLrnkM="
  "resolved" "http://artifactory.intra.xiaojukeji.com/artifactory/api/npm/npm/wrap-ansi/-/wrap-ansi-7.0.0.tgz?dl=https%3A%2F%2Fregistry.npmmirror.com%2Fwrap-ansi%2F-%2Fwrap-ansi-7.0.0.tgz"
  "version" "7.0.0"
  dependencies:
    "ansi-styles" "^4.0.0"
    "string-width" "^4.1.0"
    "strip-ansi" "^6.0.0"

"wrappy@1":
  "integrity" "sha1-tSQ9jz7BqjXxNkYFvA0QNuMKtp8="
  "resolved" "http://artifactory.intra.xiaojukeji.com/artifactory/api/npm/npm/wrappy/-/wrappy-1.0.2.tgz?dl=https%3A%2F%2Fregistry.npmmirror.com%2Fwrappy%2F-%2Fwrappy-1.0.2.tgz"
  "version" "1.0.2"

"ws@8.8.1":
  "integrity" "sha1-XbrQ/ret6OzJm4MMHXfJE9SVX/A="
  "resolved" "http://artifactory.intra.xiaojukeji.com/artifactory/api/npm/npm/ws/-/ws-8.8.1.tgz?dl=https%3A%2F%2Fregistry.npmmirror.com%2Fws%2F-%2Fws-8.8.1.tgz"
  "version" "8.8.1"

"yauzl@^2.10.0":
  "integrity" "sha1-x+sXyT4RLLEIb6bY5R+wZnt5pfk="
  "resolved" "http://artifactory.intra.xiaojukeji.com/artifactory/api/npm/npm/yauzl/-/yauzl-2.10.0.tgz?dl=https%3A%2F%2Fregistry.npmmirror.com%2Fyauzl%2F-%2Fyauzl-2.10.0.tgz"
  "version" "2.10.0"
  dependencies:
    "buffer-crc32" "~0.2.3"
    "fd-slicer" "~1.1.0"
